
Microsoft Visual Studio Solution File, Format Version 12.00
# Visual Studio 14
VisualStudioVersion = 14.0.23107.0
MinimumVisualStudioVersion = 10.0.40219.1
Project("{FAE04EC0-301F-11D3-BF4B-00C04F79EFBC}") = "ePlan.TileCalculator.Tests", "ePlan.TileCalculator.Tests\ePlan.TileCalculator.Tests.csproj", "{29F06771-8EC8-46F9-8072-6A5864CDD4BE}"
EndProject
Project("{FAE04EC0-301F-11D3-BF4B-00C04F79EFBC}") = "ePlan.TileCalculator.Model", "ePlan.TileCalculator.Model\ePlan.TileCalculator.Model.csproj", "{76266050-7DB5-416A-8AC5-EE8EF446D029}"
EndProject
Project("{FAE04EC0-301F-11D3-BF4B-00C04F79EFBC}") = "ePlan.TileCalculator.UI", "ePlan.TileCalculator.UI\ePlan.TileCalculator.UI.csproj", "{5044B426-8D67-4FCD-8C0B-578EEA6A624D}"
EndProject
Global
	GlobalSection(SolutionConfigurationPlatforms) = preSolution
		Debug|Any CPU = Debug|Any CPU
		Release|Any CPU = Release|Any CPU
	EndGlobalSection
	GlobalSection(ProjectConfigurationPlatforms) = postSolution
		{29F06771-8EC8-46F9-8072-6A5864CDD4BE}.Debug|Any CPU.ActiveCfg = Debug|Any CPU
		{29F06771-8EC8-46F9-8072-6A5864CDD4BE}.Debug|Any CPU.Build.0 = Debug|Any CPU
		{29F06771-8EC8-46F9-8072-6A5864CDD4BE}.Release|Any CPU.ActiveCfg = Release|Any CPU
		{29F06771-8EC8-46F9-8072-6A5864CDD4BE}.Release|Any CPU.Build.0 = Release|Any CPU
		{76266050-7DB5-416A-8AC5-EE8EF446D029}.Debug|Any CPU.ActiveCfg = Debug|Any CPU
		{76266050-7DB5-416A-8AC5-EE8EF446D029}.Debug|Any CPU.Build.0 = Debug|Any CPU
		{76266050-7DB5-416A-8AC5-EE8EF446D029}.Release|Any CPU.ActiveCfg = Release|Any CPU
		{76266050-7DB5-416A-8AC5-EE8EF446D029}.Release|Any CPU.Build.0 = Release|Any CPU
		{5044B426-8D67-4FCD-8C0B-578EEA6A624D}.Debug|Any CPU.ActiveCfg = Debug|Any CPU
		{5044B426-8D67-4FCD-8C0B-578EEA6A624D}.Debug|Any CPU.Build.0 = Debug|Any CPU
		{5044B426-8D67-4FCD-8C0B-578EEA6A624D}.Release|Any CPU.ActiveCfg = Release|Any CPU
		{5044B426-8D67-4FCD-8C0B-578EEA6A624D}.Release|Any CPU.Build.0 = Release|Any CPU
	EndGlobalSection
	GlobalSection(SolutionProperties) = preSolution
		HideSolutionNode = FALSE
	EndGlobalSection
EndGlobal
